<?xml version="1.0" encoding="UTF-8" standalone="yes" ?>
<CodeBlocks_project_file>
	<FileVersion major="1" minor="6" />
	<Project>
		<Option title="Win32 Application" />
		<Option pch_mode="0" />
		<Option compiler="gcc" />
		<Build>
			<Target title="Debug">
				<Option output="bin\Debug\Test" prefix_auto="1" extension_auto="1" />
				<Option object_output="obj\Debug\" />
				<Option type="1" />
				<Option compiler="gcc" />
				<Compiler>
					<Add option="-g" />
				</Compiler>
			</Target>
			<Target title="Release">
				<Option output="bin\Release\Test" prefix_auto="1" extension_auto="1" />
				<Option object_output="obj\Release\" />
				<Option type="0" />
				<Option compiler="gcc" />
				<Compiler>
					<Add option="-O2" />
				</Compiler>
				<Linker>
					<Add option="-s" />
				</Linker>
			</Target>
		</Build>
		<VirtualTargets>
			<Add alias="All" targets="default;" />
		</VirtualTargets>
		<Compiler>
			<Add option="-Os" />
		</Compiler>
		<Linker>
			<Add library="gdi32" />
			<Add library="user32" />
			<Add library="kernel32" />
			<Add library="libcomctl32.a" />
		</Linker>
		<Unit filename="src\AboutDialog.cpp" />
		<Unit filename="src\AboutDialog.h" />
		<Unit filename="src\ChildWindow.cpp">
			<Option target="&lt;{~None~}&gt;" />
		</Unit>
		<Unit filename="src\ChildWindow.h">
			<Option target="&lt;{~None~}&gt;" />
		</Unit>
		<Unit filename="src\MainWindow.cpp" />
		<Unit filename="src\MainWindow.h" />
		<Unit filename="src\main.cpp" />
		<Unit filename="src\resource.h" />
		<Unit filename="src\resource.rc">
			<Option compilerVar="WINDRES" />
		</Unit>
		<Extensions>
			<code_completion />
			<debugger />
		</Extensions>
	</Project>
</CodeBlocks_project_file>
